{
  "version": 1,
  "dependencies": {
    "net10.0": {
      "coverlet.collector": {
        "type": "Direct",
        "requested": "[10.0.0, )",
        "resolved": "10.0.0",
        "contentHash": "WFejCcOUR6k8UYyDnnR6Gk+obFYMsWrZuNqPJnsVFGVhpPSN0y20D4qbdKJnXinYGx9PQ397Hf9TnU1NBST8vA=="
      },
      "DotNet.ReproducibleBuilds": {
        "type": "Direct",
        "requested": "[2.0.2, )",
        "resolved": "2.0.2",
        "contentHash": "VaHoEN6YHp0jXucxm67vfuRy8zo9ufiKSuaZ4ZudRi8xmWcEFMKxfCsg2nvYNvdISFTURDu+IHqADGh53+Bamw=="
      },
      "Microsoft.AspNetCore.OpenApi": {
        "type": "Direct",
        "requested": "[10.0.0, )",
        "resolved": "10.0.0",
        "contentHash": "0aqIF1t+sA2T62LIeMtXGSiaV7keGQaJnvwwmu+htQdjCaKYARfXAeqp4nHH9y2etpilyZ/tnQzZg4Ilmo/c4Q==",
        "dependencies": {
          "Microsoft.OpenApi": "2.0.0"
        }
      },
      "Verlite.MsBuild": {
        "type": "Direct",
        "requested": "[2.6.0, )",
        "resolved": "2.6.0",
        "contentHash": "FYV2eRLDANh5HbLjwqI8/RR1t+avcgiUzjfSsJslmM7z1PS64Md8EdGu2KIeJm+z4IvaMYr43AnX5btl3EmmzQ=="
      },
      "Microsoft.OpenApi": {
        "type": "Transitive",
        "resolved": "2.0.0",
        "contentHash": "GGYLfzV/G/ct80OZ45JxnWP7NvMX1BCugn/lX7TH5o0lcVaviavsLMTxmFV2AybXWjbi3h6FF1vgZiTK6PXndw=="
      }
    }
  }
}